// !$*UTF8*$!
{
	archiveVersion = 1;
	classes = {
	};
	objectVersion = 77;
	objects = {

/* Begin PBXContainerItemProxy section */
		8468A8E92CC611DE00156B20 /* PBXContainerItemProxy */ = {
			isa = PBXContainerItemProxy;
			containerPortal = 8468A8C72CC611DD00156B20 /* Project object */;
			proxyType = 1;
			remoteGlobalIDString = 8468A8CE2CC611DD00156B20;
			remoteInfo = MovieDBViewer;
		};
		8468A8F32CC611DE00156B20 /* PBXContainerItemProxy */ = {
			isa = PBXContainerItemProxy;
			containerPortal = 8468A8C72CC611DD00156B20 /* Project object */;
			proxyType = 1;
			remoteGlobalIDString = 8468A8CE2CC611DD00156B20;
			remoteInfo = MovieDBViewer;
		};
/* End PBXContainerItemProxy section */

/* Begin PBXFileReference section */
		8468A8CF2CC611DD00156B20 /* MovieDBViewer.app */ = {isa = PBXFileReference; explicitFileType = wrapper.application; includeInIndex = 0; path = MovieDBViewer.app; sourceTree = BUILT_PRODUCTS_DIR; };
		8468A8E82CC611DE00156B20 /* MovieDBViewerTests.xctest */ = {isa = PBXFileReference; explicitFileType = wrapper.cfbundle; includeInIndex = 0; path = MovieDBViewerTests.xctest; sourceTree = BUILT_PRODUCTS_DIR; };
		8468A8F22CC611DE00156B20 /* MovieDBViewerUITests.xctest */ = {isa = PBXFileReference; explicitFileType = wrapper.cfbundle; includeInIndex = 0; path = MovieDBViewerUITests.xctest; sourceTree = BUILT_PRODUCTS_DIR; };
/* End PBXFileReference section */

/* Begin PBXFileSystemSynchronizedBuildFileExceptionSet section */
		8468A8FA2CC611DE00156B20 /* Exceptions for "MovieDBViewer" folder in "MovieDBViewer" target */ = {
			isa = PBXFileSystemSynchronizedBuildFileExceptionSet;
			membershipExceptions = (
				Info.plist,
			);
			target = 8468A8CE2CC611DD00156B20 /* MovieDBViewer */;
		};
/* End PBXFileSystemSynchronizedBuildFileExceptionSet section */

/* Begin PBXFileSystemSynchronizedRootGroup section */
		8468A8D12CC611DD00156B20 /* MovieDBViewer */ = {
			isa = PBXFileSystemSynchronizedRootGroup;
			exceptions = (
				8468A8FA2CC611DE00156B20 /* Exceptions for "MovieDBViewer" folder in "MovieDBViewer" target */,
			);
			path = MovieDBViewer;
			sourceTree = "<group>";
		};
		8468A8EB2CC611DE00156B20 /* MovieDBViewerTests */ = {
			isa = PBXFileSystemSynchronizedRootGroup;
			path = MovieDBViewerTests;
			sourceTree = "<group>";
		};
		8468A8F52CC611DE00156B20 /* MovieDBViewerUITests */ = {
			isa = PBXFileSystemSynchronizedRootGroup;
			path = MovieDBViewerUITests;
			sourceTree = "<group>";
		};
/* End PBXFileSystemSynchronizedRootGroup section */

/* Begin PBXFrameworksBuildPhase section */
		8468A8CC2CC611DD00156B20 /* Frameworks */ = {
			isa = PBXFrameworksBuildPhase;
			buildActionMask = 2147483647;
			files = (
			);
			runOnlyForDeploymentPostprocessing = 0;
		};
		8468A8E52CC611DE00156B20 /* Frameworks */ = {
			isa = PBXFrameworksBuildPhase;
			buildActionMask = 2147483647;
			files = (
			);
			runOnlyForDeploymentPostprocessing = 0;
		};
		8468A8EF2CC611DE00156B20 /* Frameworks */ = {
			isa = PBXFrameworksBuildPhase;
			buildActionMask = 2147483647;
			files = (
			);
			runOnlyForDeploymentPostprocessing = 0;
		};
/* End PBXFrameworksBuildPhase section */

/* Begin PBXGroup section */
		8468A8C62CC611DD00156B20 = {
			isa = PBXGroup;
			children = (
				8468A8D12CC611DD00156B20 /* MovieDBViewer */,
				8468A8EB2CC611DE00156B20 /* MovieDBViewerTests */,
				8468A8F52CC611DE00156B20 /* MovieDBViewerUITests */,
				8468A8D02CC611DD00156B20 /* Products */,
			);
			sourceTree = "<group>";
		};
		8468A8D02CC611DD00156B20 /* Products */ = {
			isa = PBXGroup;
			children = (
				8468A8CF2CC611DD00156B20 /* MovieDBViewer.app */,
				8468A8E82CC611DE00156B20 /* MovieDBViewerTests.xctest */,
				8468A8F22CC611DE00156B20 /* MovieDBViewerUITests.xctest */,
			);
			name = Products;
			sourceTree = "<group>";
		};
/* End PBXGroup section */

/* Begin PBXNativeTarget section */
		8468A8CE2CC611DD00156B20 /* MovieDBViewer */ = {
			isa = PBXNativeTarget;
			buildConfigurationList = 8468A8FB2CC611DE00156B20 /* Build configuration list for PBXNativeTarget "MovieDBViewer" */;
			buildPhases = (
				8468A8CB2CC611DD00156B20 /* Sources */,
				8468A8CC2CC611DD00156B20 /* Frameworks */,
				8468A8CD2CC611DD00156B20 /* Resources */,
			);
			buildRules = (
			);
			dependencies = (
			);
			fileSystemSynchronizedGroups = (
				8468A8D12CC611DD00156B20 /* MovieDBViewer */,
			);
			name = MovieDBViewer;
			packageProductDependencies = (
			);
			productName = MovieDBViewer;
			productReference = 8468A8CF2CC611DD00156B20 /* MovieDBViewer.app */;
			productType = "com.apple.product-type.application";
		};
		8468A8E72CC611DE00156B20 /* MovieDBViewerTests */ = {
			isa = PBXNativeTarget;
			buildConfigurationList = 8468A9002CC611DE00156B20 /* Build configuration list for PBXNativeTarget "MovieDBViewerTests" */;
			buildPhases = (
				8468A8E42CC611DE00156B20 /* Sources */,
				8468A8E52CC611DE00156B20 /* Frameworks */,
				8468A8E62CC611DE00156B20 /* Resources */,
			);
			buildRules = (
			);
			dependencies = (
				8468A8EA2CC611DE00156B20 /* PBXTargetDependency */,
			);
			fileSystemSynchronizedGroups = (
				8468A8EB2CC611DE00156B20 /* MovieDBViewerTests */,
			);
			name = MovieDBViewerTests;
			packageProductDependencies = (
			);
			productName = MovieDBViewerTests;
			productReference = 8468A8E82CC611DE00156B20 /* MovieDBViewerTests.xctest */;
			productType = "com.apple.product-type.bundle.unit-test";
		};
		8468A8F12CC611DE00156B20 /* MovieDBViewerUITests */ = {
			isa = PBXNativeTarget;
			buildConfigurationList = 8468A9032CC611DE00156B20 /* Build configuration list for PBXNativeTarget "MovieDBViewerUITests" */;
			buildPhases = (
				8468A8EE2CC611DE00156B20 /* Sources */,
				8468A8EF2CC611DE00156B20 /* Frameworks */,
				8468A8F02CC611DE00156B20 /* Resources */,
			);
			buildRules = (
			);
			dependencies = (
				8468A8F42CC611DE00156B20 /* PBXTargetDependency */,
			);
			fileSystemSynchronizedGroups = (
				8468A8F52CC611DE00156B20 /* MovieDBViewerUITests */,
			);
			name = MovieDBViewerUITests;
			packageProductDependencies = (
			);
			productName = MovieDBViewerUITests;
			productReference = 8468A8F22CC611DE00156B20 /* MovieDBViewerUITests.xctest */;
			productType = "com.apple.product-type.bundle.ui-testing";
		};
/* End PBXNativeTarget section */

/* Begin PBXProject section */
		8468A8C72CC611DD00156B20 /* Project object */ = {
			isa = PBXProject;
			attributes = {
				BuildIndependentTargetsInParallel = 1;
				LastSwiftUpdateCheck = 1600;
				LastUpgradeCheck = 1600;
				TargetAttributes = {
					8468A8CE2CC611DD00156B20 = {
						CreatedOnToolsVersion = 16.0;
					};
					8468A8E72CC611DE00156B20 = {
						CreatedOnToolsVersion = 16.0;
						TestTargetID = 8468A8CE2CC611DD00156B20;
					};
					8468A8F12CC611DE00156B20 = {
						CreatedOnToolsVersion = 16.0;
						TestTargetID = 8468A8CE2CC611DD00156B20;
					};
				};
			};
			buildConfigurationList = 8468A8CA2CC611DD00156B20 /* Build configuration list for PBXProject "MovieDBViewer" */;
			developmentRegion = en;
			hasScannedForEncodings = 0;
			knownRegions = (
				en,
				Base,
			);
			mainGroup = 8468A8C62CC611DD00156B20;
			minimizedProjectReferenceProxies = 1;
			preferredProjectObjectVersion = 77;
			productRefGroup = 8468A8D02CC611DD00156B20 /* Products */;
			projectDirPath = "";
			projectRoot = "";
			targets = (
				8468A8CE2CC611DD00156B20 /* MovieDBViewer */,
				8468A8E72CC611DE00156B20 /* MovieDBViewerTests */,
				8468A8F12CC611DE00156B20 /* MovieDBViewerUITests */,
			);
		};
/* End PBXProject section */

/* Begin PBXResourcesBuildPhase section */
		8468A8CD2CC611DD00156B20 /* Resources */ = {
			isa = PBXResourcesBuildPhase;
			buildActionMask = 2147483647;
			files = (
			);
			runOnlyForDeploymentPostprocessing = 0;
		};
		8468A8E62CC611DE00156B20 /* Resources */ = {
			isa = PBXResourcesBuildPhase;
			buildActionMask = 2147483647;
			files = (
			);
			runOnlyForDeploymentPostprocessing = 0;
		};
		8468A8F02CC611DE00156B20 /* Resources */ = {
			isa = PBXResourcesBuildPhase;
			buildActionMask = 2147483647;
			files = (
			);
			runOnlyForDeploymentPostprocessing = 0;
		};
/* End PBXResourcesBuildPhase section */

/* Begin PBXSourcesBuildPhase section */
		8468A8CB2CC611DD00156B20 /* Sources */ = {
			isa = PBXSourcesBuildPhase;
			buildActionMask = 2147483647;
			files = (
			);
			runOnlyForDeploymentPostprocessing = 0;
		};
		8468A8E42CC611DE00156B20 /* Sources */ = {
			isa = PBXSourcesBuildPhase;
			buildActionMask = 2147483647;
			files = (
			);
			runOnlyForDeploymentPostprocessing = 0;
		};
		8468A8EE2CC611DE00156B20 /* Sources */ = {
			isa = PBXSourcesBuildPhase;
			buildActionMask = 2147483647;
			files = (
			);
			runOnlyForDeploymentPostprocessing = 0;
		};
/* End PBXSourcesBuildPhase section */

/* Begin PBXTargetDependency section */
		8468A8EA2CC611DE00156B20 /* PBXTargetDependency */ = {
			isa = PBXTargetDependency;
			target = 8468A8CE2CC611DD00156B20 /* MovieDBViewer */;
			targetProxy = 8468A8E92CC611DE00156B20 /* PBXContainerItemProxy */;
		};
		8468A8F42CC611DE00156B20 /* PBXTargetDependency */ = {
			isa = PBXTargetDependency;
			target = 8468A8CE2CC611DD00156B20 /* MovieDBViewer */;
			targetProxy = 8468A8F32CC611DE00156B20 /* PBXContainerItemProxy */;
		};
/* End PBXTargetDependency section */

/* Begin XCBuildConfiguration section */
		8468A8FC2CC611DE00156B20 /* Debug */ = {
			isa = XCBuildConfiguration;
			buildSettings = {
				ASSETCATALOG_COMPILER_APPICON_NAME = AppIcon;
				ASSETCATALOG_COMPILER_GLOBAL_ACCENT_COLOR_NAME = AccentColor;
				CODE_SIGN_STYLE = Automatic;
				CURRENT_PROJECT_VERSION = 1;
				GENERATE_INFOPLIST_FILE = YES;
				INFOPLIST_FILE = MovieDBViewer/Info.plist;
				INFOPLIST_KEY_UIApplicationSupportsIndirectInputEvents = YES;
				INFOPLIST_KEY_UILaunchStoryboardName = LaunchScreen;
				INFOPLIST_KEY_UIMainStoryboardFile = "";
				INFOPLIST_KEY_UISupportedInterfaceOrientations_iPad = "UIInterfaceOrientationPortrait UIInterfaceOrientationPortraitUpsideDown UIInterfaceOrientationLandscapeLeft UIInterfaceOrientationLandscapeRight";
				INFOPLIST_KEY_UISupportedInterfaceOrientations_iPhone = "UIInterfaceOrientationPortrait UIInterfaceOrientationLandscapeLeft UIInterfaceOrientationLandscapeRight";
				LD_RUNPATH_SEARCH_PATHS = (
					"$(inherited)",
					"@executable_path/Frameworks",
				);
				MARKETING_VERSION = 1.0;
				PRODUCT_BUNDLE_IDENTIFIER = portofolio.MovieDBViewer;
				PRODUCT_NAME = "$(TARGET_NAME)";
				SWIFT_EMIT_LOC_STRINGS = YES;
				SWIFT_VERSION = 5.0;
				TARGETED_DEVICE_FAMILY = "1,2";
			};
			name = Debug;
		};
		8468A8FD2CC611DE00156B20 /* Release */ = {
			isa = XCBuildConfiguration;
			buildSettings = {
				ASSETCATALOG_COMPILER_APPICON_NAME = AppIcon;
				ASSETCATALOG_COMPILER_GLOBAL_ACCENT_COLOR_NAME = AccentColor;
				CODE_SIGN_STYLE = Automatic;
				CURRENT_PROJECT_VERSION = 1;
				GENERATE_INFOPLIST_FILE = YES;
				INFOPLIST_FILE = MovieDBViewer/Info.plist;
				INFOPLIST_KEY_UIApplicationSupportsIndirectInputEvents = YES;
				INFOPLIST_KEY_UILaunchStoryboardName = LaunchScreen;
				INFOPLIST_KEY_UIMainStoryboardFile = "";
				INFOPLIST_KEY_UISupportedInterfaceOrientations_iPad = "UIInterfaceOrientationPortrait UIInterfaceOrientationPortraitUpsideDown UIInterfaceOrientationLandscapeLeft UIInterfaceOrientationLandscapeRight";
				INFOPLIST_KEY_UISupportedInterfaceOrientations_iPhone = "UIInterfaceOrientationPortrait UIInterfaceOrientationLandscapeLeft UIInterfaceOrientationLandscapeRight";
				LD_RUNPATH_SEARCH_PATHS = (
					"$(inherited)",
					"@executable_path/Frameworks",
				);
				MARKETING_VERSION = 1.0;
				PRODUCT_BUNDLE_IDENTIFIER = portofolio.MovieDBViewer;
				PRODUCT_NAME = "$(TARGET_NAME)";
				SWIFT_EMIT_LOC_STRINGS = YES;
				SWIFT_VERSION = 5.0;
				TARGETED_DEVICE_FAMILY = "1,2";
			};
			name = Release;
		};
		8468A8FE2CC611DE00156B20 /* Debug */ = {
			isa = XCBuildConfiguration;
			buildSettings = {
				ALWAYS_SEARCH_USER_PATHS = NO;
				ASSETCATALOG_COMPILER_GENERATE_SWIFT_ASSET_SYMBOL_EXTENSIONS = YES;
				CLANG_ANALYZER_NONNULL = YES;
				CLANG_ANALYZER_NUMBER_OBJECT_CONVERSION = YES_AGGRESSIVE;
				CLANG_CXX_LANGUAGE_STANDARD = "gnu++20";
				CLANG_ENABLE_MODULES = YES;
				CLANG_ENABLE_OBJC_ARC = YES;
				CLANG_ENABLE_OBJC_WEAK = YES;
				CLANG_WARN_BLOCK_CAPTURE_AUTORELEASING = YES;
				CLANG_WARN_BOOL_CONVERSION = YES;
				CLANG_WARN_COMMA = YES;
				CLANG_WARN_CONSTANT_CONVERSION = YES;
				CLANG_WARN_DEPRECATED_OBJC_IMPLEMENTATIONS = YES;
				CLANG_WARN_DIRECT_OBJC_ISA_USAGE = YES_ERROR;
				CLANG_WARN_DOCUMENTATION_COMMENTS = YES;
				CLANG_WARN_EMPTY_BODY = YES;
				CLANG_WARN_ENUM_CONVERSION = YES;
				CLANG_WARN_INFINITE_RECURSION = YES;
				CLANG_WARN_INT_CONVERSION = YES;
				CLANG_WARN_NON_LITERAL_NULL_CONVERSION = YES;
				CLANG_WARN_OBJC_IMPLICIT_RETAIN_SELF = YES;
				CLANG_WARN_OBJC_LITERAL_CONVERSION = YES;
				CLANG_WARN_OBJC_ROOT_CLASS = YES_ERROR;
				CLANG_WARN_QUOTED_INCLUDE_IN_FRAMEWORK_HEADER = YES;
				CLANG_WARN_RANGE_LOOP_ANALYSIS = YES;
				CLANG_WARN_STRICT_PROTOTYPES = YES;
				CLANG_WARN_SUSPICIOUS_MOVE = YES;
				CLANG_WARN_UNGUARDED_AVAILABILITY = YES_AGGRESSIVE;
				CLANG_WARN_UNREACHABLE_CODE = YES;
				CLANG_WARN__DUPLICATE_METHOD_MATCH = YES;
				COPY_PHASE_STRIP = NO;
				DEBUG_INFORMATION_FORMAT = dwarf;
				ENABLE_STRICT_OBJC_MSGSEND = YES;
				ENABLE_TESTABILITY = YES;
				ENABLE_USER_SCRIPT_SANDBOXING = YES;
				GCC_C_LANGUAGE_STANDARD = gnu17;
				GCC_DYNAMIC_NO_PIC = NO;
				GCC_NO_COMMON_BLOCKS = YES;
				GCC_OPTIMIZATION_LEVEL = 0;
				GCC_PREPROCESSOR_DEFINITIONS = (
					"DEBUG=1",
					"$(inherited)",
				);
				GCC_WARN_64_TO_32_BIT_CONVERSION = YES;
				GCC_WARN_ABOUT_RETURN_TYPE = YES_ERROR;
				GCC_WARN_UNDECLARED_SELECTOR = YES;
				GCC_WARN_UNINITIALIZED_AUTOS = YES_AGGRESSIVE;
				GCC_WARN_UNUSED_FUNCTION = YES;
				GCC_WARN_UNUSED_VARIABLE = YES;
				IPHONEOS_DEPLOYMENT_TARGET = 18.0;
				LOCALIZATION_PREFERS_STRING_CATALOGS = YES;
				MTL_ENABLE_DEBUG_INFO = INCLUDE_SOURCE;
				MTL_FAST_MATH = YES;
				ONLY_ACTIVE_ARCH = YES;
				SDKROOT = iphoneos;
				SWIFT_ACTIVE_COMPILATION_CONDITIONS = "DEBUG $(inherited)";
				SWIFT_OPTIMIZATION_LEVEL = "-Onone";
			};
			name = Debug;
		};
		8468A8FF2CC611DE00156B20 /* Release */ = {
			isa = XCBuildConfiguration;
			buildSettings = {
				ALWAYS_SEARCH_USER_PATHS = NO;
				ASSETCATALOG_COMPILER_GENERATE_SWIFT_ASSET_SYMBOL_EXTENSIONS = YES;
				CLANG_ANALYZER_NONNULL = YES;
				CLANG_ANALYZER_NUMBER_OBJECT_CONVERSION = YES_AGGRESSIVE;
				CLANG_CXX_LANGUAGE_STANDARD = "gnu++20";
				CLANG_ENABLE_MODULES = YES;
				CLANG_ENABLE_OBJC_ARC = YES;
				CLANG_ENABLE_OBJC_WEAK = YES;
				CLANG_WARN_BLOCK_CAPTURE_AUTORELEASING = YES;
				CLANG_WARN_BOOL_CONVERSION = YES;
				CLANG_WARN_COMMA = YES;
				CLANG_WARN_CONSTANT_CONVERSION = YES;
				CLANG_WARN_DEPRECATED_OBJC_IMPLEMENTATIONS = YES;
				CLANG_WARN_DIRECT_OBJC_ISA_USAGE = YES_ERROR;
				CLANG_WARN_DOCUMENTATION_COMMENTS = YES;
				CLANG_WARN_EMPTY_BODY = YES;
				CLANG_WARN_ENUM_CONVERSION = YES;
				CLANG_WARN_INFINITE_RECURSION = YES;
				CLANG_WARN_INT_CONVERSION = YES;
				CLANG_WARN_NON_LITERAL_NULL_CONVERSION = YES;
				CLANG_WARN_OBJC_IMPLICIT_RETAIN_SELF = YES;
				CLANG_WARN_OBJC_LITERAL_CONVERSION = YES;
				CLANG_WARN_OBJC_ROOT_CLASS = YES_ERROR;
				CLANG_WARN_QUOTED_INCLUDE_IN_FRAMEWORK_HEADER = YES;
				CLANG_WARN_RANGE_LOOP_ANALYSIS = YES;
				CLANG_WARN_STRICT_PROTOTYPES = YES;
				CLANG_WARN_SUSPICIOUS_MOVE = YES;
				CLANG_WARN_UNGUARDED_AVAILABILITY = YES_AGGRESSIVE;
				CLANG_WARN_UNREACHABLE_CODE = YES;
				CLANG_WARN__DUPLICATE_METHOD_MATCH = YES;
				COPY_PHASE_STRIP = NO;
				DEBUG_INFORMATION_FORMAT = "dwarf-with-dsym";
				ENABLE_NS_ASSERTIONS = NO;
				ENABLE_STRICT_OBJC_MSGSEND = YES;
				ENABLE_USER_SCRIPT_SANDBOXING = YES;
				GCC_C_LANGUAGE_STANDARD = gnu17;
				GCC_NO_COMMON_BLOCKS = YES;
				GCC_WARN_64_TO_32_BIT_CONVERSION = YES;
				GCC_WARN_ABOUT_RETURN_TYPE = YES_ERROR;
				GCC_WARN_UNDECLARED_SELECTOR = YES;
				GCC_WARN_UNINITIALIZED_AUTOS = YES_AGGRESSIVE;
				GCC_WARN_UNUSED_FUNCTION = YES;
				GCC_WARN_UNUSED_VARIABLE = YES;
				IPHONEOS_DEPLOYMENT_TARGET = 18.0;
				LOCALIZATION_PREFERS_STRING_CATALOGS = YES;
				MTL_ENABLE_DEBUG_INFO = NO;
				MTL_FAST_MATH = YES;
				SDKROOT = iphoneos;
				SWIFT_COMPILATION_MODE = wholemodule;
				VALIDATE_PRODUCT = YES;
			};
			name = Release;
		};
		8468A9012CC611DE00156B20 /* Debug */ = {
			isa = XCBuildConfiguration;
			buildSettings = {
				BUNDLE_LOADER = "$(TEST_HOST)";
				CODE_SIGN_STYLE = Automatic;
				CURRENT_PROJECT_VERSION = 1;
				GENERATE_INFOPLIST_FILE = YES;
				IPHONEOS_DEPLOYMENT_TARGET = 18.0;
				MARKETING_VERSION = 1.0;
				PRODUCT_BUNDLE_IDENTIFIER = portofolio.MovieDBViewerTests;
				PRODUCT_NAME = "$(TARGET_NAME)";
				SWIFT_EMIT_LOC_STRINGS = NO;
				SWIFT_VERSION = 5.0;
				TARGETED_DEVICE_FAMILY = "1,2";
				TEST_HOST = "$(BUILT_PRODUCTS_DIR)/MovieDBViewer.app/$(BUNDLE_EXECUTABLE_FOLDER_PATH)/MovieDBViewer";
			};
			name = Debug;
		};
		8468A9022CC611DE00156B20 /* Release */ = {
			isa = XCBuildConfiguration;
			buildSettings = {
				BUNDLE_LOADER = "$(TEST_HOST)";
				CODE_SIGN_STYLE = Automatic;
				CURRENT_PROJECT_VERSION = 1;
				GENERATE_INFOPLIST_FILE = YES;
				IPHONEOS_DEPLOYMENT_TARGET = 18.0;
				MARKETING_VERSION = 1.0;
				PRODUCT_BUNDLE_IDENTIFIER = portofolio.MovieDBViewerTests;
				PRODUCT_NAME = "$(TARGET_NAME)";
				SWIFT_EMIT_LOC_STRINGS = NO;
				SWIFT_VERSION = 5.0;
				TARGETED_DEVICE_FAMILY = "1,2";
				TEST_HOST = "$(BUILT_PRODUCTS_DIR)/MovieDBViewer.app/$(BUNDLE_EXECUTABLE_FOLDER_PATH)/MovieDBViewer";
			};
			name = Release;
		};
		8468A9042CC611DE00156B20 /* Debug */ = {
			isa = XCBuildConfiguration;
			buildSettings = {
				CODE_SIGN_STYLE = Automatic;
				CURRENT_PROJECT_VERSION = 1;
				GENERATE_INFOPLIST_FILE = YES;
				MARKETING_VERSION = 1.0;
				PRODUCT_BUNDLE_IDENTIFIER = portofolio.MovieDBViewerUITests;
				PRODUCT_NAME = "$(TARGET_NAME)";
				SWIFT_EMIT_LOC_STRINGS = NO;
				SWIFT_VERSION = 5.0;
				TARGETED_DEVICE_FAMILY = "1,2";
				TEST_TARGET_NAME = MovieDBViewer;
			};
			name = Debug;
		};
		8468A9052CC611DE00156B20 /* Release */ = {
			isa = XCBuildConfiguration;
			buildSettings = {
				CODE_SIGN_STYLE = Automatic;
				CURRENT_PROJECT_VERSION = 1;
				GENERATE_INFOPLIST_FILE = YES;
				MARKETING_VERSION = 1.0;
				PRODUCT_BUNDLE_IDENTIFIER = portofolio.MovieDBViewerUITests;
				PRODUCT_NAME = "$(TARGET_NAME)";
				SWIFT_EMIT_LOC_STRINGS = NO;
				SWIFT_VERSION = 5.0;
				TARGETED_DEVICE_FAMILY = "1,2";
				TEST_TARGET_NAME = MovieDBViewer;
			};
			name = Release;
		};
/* End XCBuildConfiguration section */

/* Begin XCConfigurationList section */
		8468A8CA2CC611DD00156B20 /* Build configuration list for PBXProject "MovieDBViewer" */ = {
			isa = XCConfigurationList;
			buildConfigurations = (
				8468A8FE2CC611DE00156B20 /* Debug */,
				8468A8FF2CC611DE00156B20 /* Release */,
			);
			defaultConfigurationIsVisible = 0;
			defaultConfigurationName = Release;
		};
		8468A8FB2CC611DE00156B20 /* Build configuration list for PBXNativeTarget "MovieDBViewer" */ = {
			isa = XCConfigurationList;
			buildConfigurations = (
				8468A8FC2CC611DE00156B20 /* Debug */,
				8468A8FD2CC611DE00156B20 /* Release */,
			);
			defaultConfigurationIsVisible = 0;
			defaultConfigurationName = Release;
		};
		8468A9002CC611DE00156B20 /* Build configuration list for PBXNativeTarget "MovieDBViewerTests" */ = {
			isa = XCConfigurationList;
			buildConfigurations = (
				8468A9012CC611DE00156B20 /* Debug */,
				8468A9022CC611DE00156B20 /* Release */,
			);
			defaultConfigurationIsVisible = 0;
			defaultConfigurationName = Release;
		};
		8468A9032CC611DE00156B20 /* Build configuration list for PBXNativeTarget "MovieDBViewerUITests" */ = {
			isa = XCConfigurationList;
			buildConfigurations = (
				8468A9042CC611DE00156B20 /* Debug */,
				8468A9052CC611DE00156B20 /* Release */,
			);
			defaultConfigurationIsVisible = 0;
			defaultConfigurationName = Release;
		};
/* End XCConfigurationList section */
	};
	rootObject = 8468A8C72CC611DD00156B20 /* Project object */;
}
